
Microsoft Visual Studio Solution File, Format Version 12.00
# Visual Studio Version 17
VisualStudioVersion = 17.11.35327.3
MinimumVisualStudioVersion = 10.0.40219.1
Project("{9A19103F-16F7-4668-BE54-9A1E7A4F7556}") = "ToolAppStudentsServer", "ToolAppStudentsServer\ToolAppStudentsServer.csproj", "{ACD363AE-4C44-400C-BEDF-04AB78F788BE}"
EndProject
Global
	GlobalSection(SolutionConfigurationPlatforms) = preSolution
		Debug|Any CPU = Debug|Any CPU
		Release|Any CPU = Release|Any CPU
	EndGlobalSection
	GlobalSection(ProjectConfigurationPlatforms) = postSolution
		{ACD363AE-4C44-400C-BEDF-04AB78F788BE}.Debug|Any CPU.ActiveCfg = Debug|Any CPU
		{ACD363AE-4C44-400C-BEDF-04AB78F788BE}.Debug|Any CPU.Build.0 = Debug|Any CPU
		{ACD363AE-4C44-400C-BEDF-04AB78F788BE}.Release|Any CPU.ActiveCfg = Release|Any CPU
		{ACD363AE-4C44-400C-BEDF-04AB78F788BE}.Release|Any CPU.Build.0 = Release|Any CPU
	EndGlobalSection
	GlobalSection(SolutionProperties) = preSolution
		HideSolutionNode = FALSE
	EndGlobalSection
	GlobalSection(ExtensibilityGlobals) = postSolution
		SolutionGuid = {E01E9DA7-6894-416A-AA2D-E8FA65C43719}
	EndGlobalSection
EndGlobal
